
Microsoft Visual Studio Solution File, Format Version 12.00
# Visual Studio 15
Project("{FAE04EC0-301F-11D3-BF4B-00C04F79EFBC}") = "Get_Input", "Get_Input\Get_Input.csproj", "{6E759300-E782-4446-A6A8-9B2C51172D8C}"
EndProject
Global
	GlobalSection(SolutionConfigurationPlatforms) = preSolution
		Debug|Any CPU = Debug|Any CPU
		Release|Any CPU = Release|Any CPU
	EndGlobalSection
	GlobalSection(ProjectConfigurationPlatforms) = postSolution
		{6E759300-E782-4446-A6A8-9B2C51172D8C}.Debug|Any CPU.ActiveCfg = Debug|Any CPU
		{6E759300-E782-4446-A6A8-9B2C51172D8C}.Debug|Any CPU.Build.0 = Debug|Any CPU
		{6E759300-E782-4446-A6A8-9B2C51172D8C}.Release|Any CPU.ActiveCfg = Release|Any CPU
		{6E759300-E782-4446-A6A8-9B2C51172D8C}.Release|Any CPU.Build.0 = Release|Any CPU
	EndGlobalSection
EndGlobal
