
Microsoft Visual Studio Solution File, Format Version 12.00
# Visual Studio 15
Project("{FAE04EC0-301F-11D3-BF4B-00C04F79EFBC}") = "Mad-Lib", "Mad-Lib\Mad-Lib.csproj", "{E41E956D-E0FE-4BC7-9D5D-65CE07D1CAAF}"
EndProject
Global
	GlobalSection(SolutionConfigurationPlatforms) = preSolution
		Debug|Any CPU = Debug|Any CPU
		Release|Any CPU = Release|Any CPU
	EndGlobalSection
	GlobalSection(ProjectConfigurationPlatforms) = postSolution
		{E41E956D-E0FE-4BC7-9D5D-65CE07D1CAAF}.Debug|Any CPU.ActiveCfg = Debug|Any CPU
		{E41E956D-E0FE-4BC7-9D5D-65CE07D1CAAF}.Debug|Any CPU.Build.0 = Debug|Any CPU
		{E41E956D-E0FE-4BC7-9D5D-65CE07D1CAAF}.Release|Any CPU.ActiveCfg = Release|Any CPU
		{E41E956D-E0FE-4BC7-9D5D-65CE07D1CAAF}.Release|Any CPU.Build.0 = Release|Any CPU
	EndGlobalSection
EndGlobal
